
Microsoft Visual Studio Solution File, Format Version 12.00
# Visual Studio 14
VisualStudioVersion = 14.0.25123.0
MinimumVisualStudioVersion = 10.0.40219.1
Project("{FAE04EC0-301F-11D3-BF4B-00C04F79EFBC}") = "csharp calculator", "csharp calculator\csharp calculator.csproj", "{C1A7724C-EDCB-430C-B7E0-30F59B1BBD67}"
EndProject
Project("{FAE04EC0-301F-11D3-BF4B-00C04F79EFBC}") = "calaulator_core", "calaulator_core\calaulator_core.csproj", "{3B2DE719-F6F2-4BEA-8CDB-C07A52366589}"
EndProject
Project("{FAE04EC0-301F-11D3-BF4B-00C04F79EFBC}") = "console_calculator", "console_calculator\console_calculator.csproj", "{6C3FE159-B65E-4FA3-8A90-8791A2E8FD19}"
EndProject
Global
	GlobalSection(SolutionConfigurationPlatforms) = preSolution
		Debug|Any CPU = Debug|Any CPU
		Release|Any CPU = Release|Any CPU
	EndGlobalSection
	GlobalSection(ProjectConfigurationPlatforms) = postSolution
		{C1A7724C-EDCB-430C-B7E0-30F59B1BBD67}.Debug|Any CPU.ActiveCfg = Debug|Any CPU
		{C1A7724C-EDCB-430C-B7E0-30F59B1BBD67}.Debug|Any CPU.Build.0 = Debug|Any CPU
		{C1A7724C-EDCB-430C-B7E0-30F59B1BBD67}.Release|Any CPU.ActiveCfg = Release|Any CPU
		{C1A7724C-EDCB-430C-B7E0-30F59B1BBD67}.Release|Any CPU.Build.0 = Release|Any CPU
		{3B2DE719-F6F2-4BEA-8CDB-C07A52366589}.Debug|Any CPU.ActiveCfg = Debug|Any CPU
		{3B2DE719-F6F2-4BEA-8CDB-C07A52366589}.Debug|Any CPU.Build.0 = Debug|Any CPU
		{3B2DE719-F6F2-4BEA-8CDB-C07A52366589}.Release|Any CPU.ActiveCfg = Release|Any CPU
		{3B2DE719-F6F2-4BEA-8CDB-C07A52366589}.Release|Any CPU.Build.0 = Release|Any CPU
		{6C3FE159-B65E-4FA3-8A90-8791A2E8FD19}.Debug|Any CPU.ActiveCfg = Debug|Any CPU
		{6C3FE159-B65E-4FA3-8A90-8791A2E8FD19}.Debug|Any CPU.Build.0 = Debug|Any CPU
		{6C3FE159-B65E-4FA3-8A90-8791A2E8FD19}.Release|Any CPU.ActiveCfg = Release|Any CPU
		{6C3FE159-B65E-4FA3-8A90-8791A2E8FD19}.Release|Any CPU.Build.0 = Release|Any CPU
	EndGlobalSection
	GlobalSection(SolutionProperties) = preSolution
		HideSolutionNode = FALSE
	EndGlobalSection
EndGlobal
